// !$*UTF8*$!
{
	archiveVersion = 1;
	classes = {
	};
	objectVersion = 56;
	objects = {

/* Begin PBXBuildFile section */
		5C0901CB2A3991EB00DC7FEC /* ShopDevApp.swift in Sources */ = {isa = PBXBuildFile; fileRef = 5C0901CA2A3991EB00DC7FEC /* ShopDevApp.swift */; };
		5C0901CD2A3991EB00DC7FEC /* ContentView.swift in Sources */ = {isa = PBXBuildFile; fileRef = 5C0901CC2A3991EB00DC7FEC /* ContentView.swift */; };
		5C0901CF2A3991ED00DC7FEC /* Assets.xcassets in Resources */ = {isa = PBXBuildFile; fileRef = 5C0901CE2A3991ED00DC7FEC /* Assets.xcassets */; };
		5C0901D22A3991ED00DC7FEC /* Preview Assets.xcassets in Resources */ = {isa = PBXBuildFile; fileRef = 5C0901D12A3991ED00DC7FEC /* Preview Assets.xcassets */; };
		5C0901D92A39983A00DC7FEC /* Technologies.swift in Sources */ = {isa = PBXBuildFile; fileRef = 5C0901D82A39983A00DC7FEC /* Technologies.swift */; };
		5C0901DB2A399B1200DC7FEC /* TechnologyCard.swift in Sources */ = {isa = PBXBuildFile; fileRef = 5C0901DA2A399B1200DC7FEC /* TechnologyCard.swift */; };
		5C0901DD2A3A27CA00DC7FEC /* Requirements.swift in Sources */ = {isa = PBXBuildFile; fileRef = 5C0901DC2A3A27CA00DC7FEC /* Requirements.swift */; };
		5C0E8FB42A3FA18700E0DA7F /* Cart.swift in Sources */ = {isa = PBXBuildFile; fileRef = 5C0E8FB32A3FA18700E0DA7F /* Cart.swift */; };
		5C3D22822A3B384B001B9FCD /* Technology.swift in Sources */ = {isa = PBXBuildFile; fileRef = 5C3D22812A3B384B001B9FCD /* Technology.swift */; };
		5C3D22842A3B3859001B9FCD /* Company.swift in Sources */ = {isa = PBXBuildFile; fileRef = 5C3D22832A3B3859001B9FCD /* Company.swift */; };
		5C3D22872A3B3B69001B9FCD /* CartButton.swift in Sources */ = {isa = PBXBuildFile; fileRef = 5C3D22862A3B3B69001B9FCD /* CartButton.swift */; };
		5C42743D2A436F4E00DFD5F1 /* PlaceOrderAlert.swift in Sources */ = {isa = PBXBuildFile; fileRef = 5C42743C2A436F4E00DFD5F1 /* PlaceOrderAlert.swift */; };
		5C42743F2A436FCA00DFD5F1 /* success.json in Resources */ = {isa = PBXBuildFile; fileRef = 5C42743E2A436FCA00DFD5F1 /* success.json */; };
		5C7129D42A40DE8A00A95233 /* Leads.swift in Sources */ = {isa = PBXBuildFile; fileRef = 5C7129D32A40DE8A00A95233 /* Leads.swift */; };
		5C7129D62A40EBC800A95233 /* coffee.json in Resources */ = {isa = PBXBuildFile; fileRef = 5C7129D52A40EBC800A95233 /* coffee.json */; };
		5C7129D92A40EF2900A95233 /* Lottie in Frameworks */ = {isa = PBXBuildFile; productRef = 5C7129D82A40EF2900A95233 /* Lottie */; };
		5C7129DC2A40F1B800A95233 /* LottieView.swift in Sources */ = {isa = PBXBuildFile; fileRef = 5C7129DB2A40F1B800A95233 /* LottieView.swift */; };
		5C7129DE2A418D6F00A95233 /* Splash.swift in Sources */ = {isa = PBXBuildFile; fileRef = 5C7129DD2A418D6F00A95233 /* Splash.swift */; };
		5CB9CD8D2A44A2E300637B7C /* party-popper.json in Resources */ = {isa = PBXBuildFile; fileRef = 5CB9CD8C2A44A2E300637B7C /* party-popper.json */; };
/* End PBXBuildFile section */

/* Begin PBXFileReference section */
		5C0901C72A3991EB00DC7FEC /* ShopDev.app */ = {isa = PBXFileReference; explicitFileType = wrapper.application; includeInIndex = 0; path = ShopDev.app; sourceTree = BUILT_PRODUCTS_DIR; };
		5C0901CA2A3991EB00DC7FEC /* ShopDevApp.swift */ = {isa = PBXFileReference; lastKnownFileType = sourcecode.swift; path = ShopDevApp.swift; sourceTree = "<group>"; };
		5C0901CC2A3991EB00DC7FEC /* ContentView.swift */ = {isa = PBXFileReference; lastKnownFileType = sourcecode.swift; path = ContentView.swift; sourceTree = "<group>"; };
		5C0901CE2A3991ED00DC7FEC /* Assets.xcassets */ = {isa = PBXFileReference; lastKnownFileType = folder.assetcatalog; path = Assets.xcassets; sourceTree = "<group>"; };
		5C0901D12A3991ED00DC7FEC /* Preview Assets.xcassets */ = {isa = PBXFileReference; lastKnownFileType = folder.assetcatalog; path = "Preview Assets.xcassets"; sourceTree = "<group>"; };
		5C0901D82A39983A00DC7FEC /* Technologies.swift */ = {isa = PBXFileReference; lastKnownFileType = sourcecode.swift; path = Technologies.swift; sourceTree = "<group>"; };
		5C0901DA2A399B1200DC7FEC /* TechnologyCard.swift */ = {isa = PBXFileReference; lastKnownFileType = sourcecode.swift; path = TechnologyCard.swift; sourceTree = "<group>"; };
		5C0901DC2A3A27CA00DC7FEC /* Requirements.swift */ = {isa = PBXFileReference; lastKnownFileType = sourcecode.swift; path = Requirements.swift; sourceTree = "<group>"; };
		5C0E8FB32A3FA18700E0DA7F /* Cart.swift */ = {isa = PBXFileReference; lastKnownFileType = sourcecode.swift; path = Cart.swift; sourceTree = "<group>"; };
		5C3D22812A3B384B001B9FCD /* Technology.swift */ = {isa = PBXFileReference; lastKnownFileType = sourcecode.swift; path = Technology.swift; sourceTree = "<group>"; };
		5C3D22832A3B3859001B9FCD /* Company.swift */ = {isa = PBXFileReference; lastKnownFileType = sourcecode.swift; path = Company.swift; sourceTree = "<group>"; };
		5C3D22862A3B3B69001B9FCD /* CartButton.swift */ = {isa = PBXFileReference; lastKnownFileType = sourcecode.swift; path = CartButton.swift; sourceTree = "<group>"; };
		5C42743C2A436F4E00DFD5F1 /* PlaceOrderAlert.swift */ = {isa = PBXFileReference; lastKnownFileType = sourcecode.swift; path = PlaceOrderAlert.swift; sourceTree = "<group>"; };
		5C42743E2A436FCA00DFD5F1 /* success.json */ = {isa = PBXFileReference; fileEncoding = 4; lastKnownFileType = text.json; path = success.json; sourceTree = "<group>"; };
		5C7129D32A40DE8A00A95233 /* Leads.swift */ = {isa = PBXFileReference; lastKnownFileType = sourcecode.swift; path = Leads.swift; sourceTree = "<group>"; };
		5C7129D52A40EBC800A95233 /* coffee.json */ = {isa = PBXFileReference; fileEncoding = 4; lastKnownFileType = text.json; path = coffee.json; sourceTree = "<group>"; };
		5C7129DB2A40F1B800A95233 /* LottieView.swift */ = {isa = PBXFileReference; lastKnownFileType = sourcecode.swift; path = LottieView.swift; sourceTree = "<group>"; };
		5C7129DD2A418D6F00A95233 /* Splash.swift */ = {isa = PBXFileReference; lastKnownFileType = sourcecode.swift; path = Splash.swift; sourceTree = "<group>"; };
		5CB9CD8C2A44A2E300637B7C /* party-popper.json */ = {isa = PBXFileReference; fileEncoding = 4; lastKnownFileType = text.json; path = "party-popper.json"; sourceTree = "<group>"; };
/* End PBXFileReference section */

/* Begin PBXFrameworksBuildPhase section */
		5C0901C42A3991EB00DC7FEC /* Frameworks */ = {
			isa = PBXFrameworksBuildPhase;
			buildActionMask = 2147483647;
			files = (
				5C7129D92A40EF2900A95233 /* Lottie in Frameworks */,
			);
			runOnlyForDeploymentPostprocessing = 0;
		};
/* End PBXFrameworksBuildPhase section */

/* Begin PBXGroup section */
		5C0901BE2A3991EB00DC7FEC = {
			isa = PBXGroup;
			children = (
				5C0901C92A3991EB00DC7FEC /* ShopDev */,
				5C0901C82A3991EB00DC7FEC /* Products */,
			);
			sourceTree = "<group>";
		};
		5C0901C82A3991EB00DC7FEC /* Products */ = {
			isa = PBXGroup;
			children = (
				5C0901C72A3991EB00DC7FEC /* ShopDev.app */,
			);
			name = Products;
			sourceTree = "<group>";
		};
		5C0901C92A3991EB00DC7FEC /* ShopDev */ = {
			isa = PBXGroup;
			children = (
				5C7129DA2A40F1A300A95233 /* Lottie */,
				5C1F70BE2A3CA4B500DA4F4E /* Views */,
				5C3D22852A3B3B48001B9FCD /* Components */,
				5C3D22802A3B3783001B9FCD /* Models */,
				5C0901CA2A3991EB00DC7FEC /* ShopDevApp.swift */,
				5C0901CE2A3991ED00DC7FEC /* Assets.xcassets */,
				5C0901D02A3991ED00DC7FEC /* Preview Content */,
			);
			path = ShopDev;
			sourceTree = "<group>";
		};
		5C0901D02A3991ED00DC7FEC /* Preview Content */ = {
			isa = PBXGroup;
			children = (
				5C0901D12A3991ED00DC7FEC /* Preview Assets.xcassets */,
			);
			path = "Preview Content";
			sourceTree = "<group>";
		};
		5C1F70BE2A3CA4B500DA4F4E /* Views */ = {
			isa = PBXGroup;
			children = (
				5C0901CC2A3991EB00DC7FEC /* ContentView.swift */,
				5C0901D82A39983A00DC7FEC /* Technologies.swift */,
				5C0901DC2A3A27CA00DC7FEC /* Requirements.swift */,
				5C0E8FB32A3FA18700E0DA7F /* Cart.swift */,
				5C7129D32A40DE8A00A95233 /* Leads.swift */,
				5C7129DD2A418D6F00A95233 /* Splash.swift */,
			);
			path = Views;
			sourceTree = "<group>";
		};
		5C3D22802A3B3783001B9FCD /* Models */ = {
			isa = PBXGroup;
			children = (
				5C3D22812A3B384B001B9FCD /* Technology.swift */,
				5C3D22832A3B3859001B9FCD /* Company.swift */,
			);
			path = Models;
			sourceTree = "<group>";
		};
		5C3D22852A3B3B48001B9FCD /* Components */ = {
			isa = PBXGroup;
			children = (
				5C0901DA2A399B1200DC7FEC /* TechnologyCard.swift */,
				5C3D22862A3B3B69001B9FCD /* CartButton.swift */,
				5C42743C2A436F4E00DFD5F1 /* PlaceOrderAlert.swift */,
			);
			path = Components;
			sourceTree = "<group>";
		};
		5C7129DA2A40F1A300A95233 /* Lottie */ = {
			isa = PBXGroup;
			children = (
				5CB9CD8C2A44A2E300637B7C /* party-popper.json */,
				5C42743E2A436FCA00DFD5F1 /* success.json */,
				5C7129D52A40EBC800A95233 /* coffee.json */,
				5C7129DB2A40F1B800A95233 /* LottieView.swift */,
			);
			path = Lottie;
			sourceTree = "<group>";
		};
/* End PBXGroup section */

/* Begin PBXNativeTarget section */
		5C0901C62A3991EB00DC7FEC /* ShopDev */ = {
			isa = PBXNativeTarget;
			buildConfigurationList = 5C0901D52A3991ED00DC7FEC /* Build configuration list for PBXNativeTarget "ShopDev" */;
			buildPhases = (
				5C0901C32A3991EB00DC7FEC /* Sources */,
				5C0901C42A3991EB00DC7FEC /* Frameworks */,
				5C0901C52A3991EB00DC7FEC /* Resources */,
			);
			buildRules = (
			);
			dependencies = (
			);
			name = ShopDev;
			packageProductDependencies = (
				5C7129D82A40EF2900A95233 /* Lottie */,
			);
			productName = ShopDev;
			productReference = 5C0901C72A3991EB00DC7FEC /* ShopDev.app */;
			productType = "com.apple.product-type.application";
		};
/* End PBXNativeTarget section */

/* Begin PBXProject section */
		5C0901BF2A3991EB00DC7FEC /* Project object */ = {
			isa = PBXProject;
			attributes = {
				BuildIndependentTargetsInParallel = 1;
				LastSwiftUpdateCheck = 1430;
				LastUpgradeCheck = 1430;
				TargetAttributes = {
					5C0901C62A3991EB00DC7FEC = {
						CreatedOnToolsVersion = 14.3.1;
					};
				};
			};
			buildConfigurationList = 5C0901C22A3991EB00DC7FEC /* Build configuration list for PBXProject "ShopDev" */;
			compatibilityVersion = "Xcode 14.0";
			developmentRegion = en;
			hasScannedForEncodings = 0;
			knownRegions = (
				en,
				Base,
			);
			mainGroup = 5C0901BE2A3991EB00DC7FEC;
			packageReferences = (
				5C7129D72A40EF2900A95233 /* XCRemoteSwiftPackageReference "lottie-ios" */,
			);
			productRefGroup = 5C0901C82A3991EB00DC7FEC /* Products */;
			projectDirPath = "";
			projectRoot = "";
			targets = (
				5C0901C62A3991EB00DC7FEC /* ShopDev */,
			);
		};
/* End PBXProject section */

/* Begin PBXResourcesBuildPhase section */
		5C0901C52A3991EB00DC7FEC /* Resources */ = {
			isa = PBXResourcesBuildPhase;
			buildActionMask = 2147483647;
			files = (
				5C0901D22A3991ED00DC7FEC /* Preview Assets.xcassets in Resources */,
				5C42743F2A436FCA00DFD5F1 /* success.json in Resources */,
				5CB9CD8D2A44A2E300637B7C /* party-popper.json in Resources */,
				5C7129D62A40EBC800A95233 /* coffee.json in Resources */,
				5C0901CF2A3991ED00DC7FEC /* Assets.xcassets in Resources */,
			);
			runOnlyForDeploymentPostprocessing = 0;
		};
/* End PBXResourcesBuildPhase section */

/* Begin PBXSourcesBuildPhase section */
		5C0901C32A3991EB00DC7FEC /* Sources */ = {
			isa = PBXSourcesBuildPhase;
			buildActionMask = 2147483647;
			files = (
				5C0901CD2A3991EB00DC7FEC /* ContentView.swift in Sources */,
				5C0E8FB42A3FA18700E0DA7F /* Cart.swift in Sources */,
				5C3D22872A3B3B69001B9FCD /* CartButton.swift in Sources */,
				5C3D22822A3B384B001B9FCD /* Technology.swift in Sources */,
				5C0901DB2A399B1200DC7FEC /* TechnologyCard.swift in Sources */,
				5C42743D2A436F4E00DFD5F1 /* PlaceOrderAlert.swift in Sources */,
				5C0901D92A39983A00DC7FEC /* Technologies.swift in Sources */,
				5C3D22842A3B3859001B9FCD /* Company.swift in Sources */,
				5C7129D42A40DE8A00A95233 /* Leads.swift in Sources */,
				5C0901CB2A3991EB00DC7FEC /* ShopDevApp.swift in Sources */,
				5C7129DC2A40F1B800A95233 /* LottieView.swift in Sources */,
				5C7129DE2A418D6F00A95233 /* Splash.swift in Sources */,
				5C0901DD2A3A27CA00DC7FEC /* Requirements.swift in Sources */,
			);
			runOnlyForDeploymentPostprocessing = 0;
		};
/* End PBXSourcesBuildPhase section */

/* Begin XCBuildConfiguration section */
		5C0901D32A3991ED00DC7FEC /* Debug */ = {
			isa = XCBuildConfiguration;
			buildSettings = {
				ALWAYS_SEARCH_USER_PATHS = NO;
				CLANG_ANALYZER_NONNULL = YES;
				CLANG_ANALYZER_NUMBER_OBJECT_CONVERSION = YES_AGGRESSIVE;
				CLANG_CXX_LANGUAGE_STANDARD = "gnu++20";
				CLANG_ENABLE_MODULES = YES;
				CLANG_ENABLE_OBJC_ARC = YES;
				CLANG_ENABLE_OBJC_WEAK = YES;
				CLANG_WARN_BLOCK_CAPTURE_AUTORELEASING = YES;
				CLANG_WARN_BOOL_CONVERSION = YES;
				CLANG_WARN_COMMA = YES;
				CLANG_WARN_CONSTANT_CONVERSION = YES;
				CLANG_WARN_DEPRECATED_OBJC_IMPLEMENTATIONS = YES;
				CLANG_WARN_DIRECT_OBJC_ISA_USAGE = YES_ERROR;
				CLANG_WARN_DOCUMENTATION_COMMENTS = YES;
				CLANG_WARN_EMPTY_BODY = YES;
				CLANG_WARN_ENUM_CONVERSION = YES;
				CLANG_WARN_INFINITE_RECURSION = YES;
				CLANG_WARN_INT_CONVERSION = YES;
				CLANG_WARN_NON_LITERAL_NULL_CONVERSION = YES;
				CLANG_WARN_OBJC_IMPLICIT_RETAIN_SELF = YES;
				CLANG_WARN_OBJC_LITERAL_CONVERSION = YES;
				CLANG_WARN_OBJC_ROOT_CLASS = YES_ERROR;
				CLANG_WARN_QUOTED_INCLUDE_IN_FRAMEWORK_HEADER = YES;
				CLANG_WARN_RANGE_LOOP_ANALYSIS = YES;
				CLANG_WARN_STRICT_PROTOTYPES = YES;
				CLANG_WARN_SUSPICIOUS_MOVE = YES;
				CLANG_WARN_UNGUARDED_AVAILABILITY = YES_AGGRESSIVE;
				CLANG_WARN_UNREACHABLE_CODE = YES;
				CLANG_WARN__DUPLICATE_METHOD_MATCH = YES;
				COPY_PHASE_STRIP = NO;
				DEBUG_INFORMATION_FORMAT = dwarf;
				ENABLE_STRICT_OBJC_MSGSEND = YES;
				ENABLE_TESTABILITY = YES;
				GCC_C_LANGUAGE_STANDARD = gnu11;
				GCC_DYNAMIC_NO_PIC = NO;
				GCC_NO_COMMON_BLOCKS = YES;
				GCC_OPTIMIZATION_LEVEL = 0;
				GCC_PREPROCESSOR_DEFINITIONS = (
					"DEBUG=1",
					"$(inherited)",
				);
				GCC_WARN_64_TO_32_BIT_CONVERSION = YES;
				GCC_WARN_ABOUT_RETURN_TYPE = YES_ERROR;
				GCC_WARN_UNDECLARED_SELECTOR = YES;
				GCC_WARN_UNINITIALIZED_AUTOS = YES_AGGRESSIVE;
				GCC_WARN_UNUSED_FUNCTION = YES;
				GCC_WARN_UNUSED_VARIABLE = YES;
				IPHONEOS_DEPLOYMENT_TARGET = 16.4;
				MTL_ENABLE_DEBUG_INFO = INCLUDE_SOURCE;
				MTL_FAST_MATH = YES;
				ONLY_ACTIVE_ARCH = YES;
				SDKROOT = iphoneos;
				SWIFT_ACTIVE_COMPILATION_CONDITIONS = DEBUG;
				SWIFT_OPTIMIZATION_LEVEL = "-Onone";
			};
			name = Debug;
		};
		5C0901D42A3991ED00DC7FEC /* Release */ = {
			isa = XCBuildConfiguration;
			buildSettings = {
				ALWAYS_SEARCH_USER_PATHS = NO;
				CLANG_ANALYZER_NONNULL = YES;
				CLANG_ANALYZER_NUMBER_OBJECT_CONVERSION = YES_AGGRESSIVE;
				CLANG_CXX_LANGUAGE_STANDARD = "gnu++20";
				CLANG_ENABLE_MODULES = YES;
				CLANG_ENABLE_OBJC_ARC = YES;
				CLANG_ENABLE_OBJC_WEAK = YES;
				CLANG_WARN_BLOCK_CAPTURE_AUTORELEASING = YES;
				CLANG_WARN_BOOL_CONVERSION = YES;
				CLANG_WARN_COMMA = YES;
				CLANG_WARN_CONSTANT_CONVERSION = YES;
				CLANG_WARN_DEPRECATED_OBJC_IMPLEMENTATIONS = YES;
				CLANG_WARN_DIRECT_OBJC_ISA_USAGE = YES_ERROR;
				CLANG_WARN_DOCUMENTATION_COMMENTS = YES;
				CLANG_WARN_EMPTY_BODY = YES;
				CLANG_WARN_ENUM_CONVERSION = YES;
				CLANG_WARN_INFINITE_RECURSION = YES;
				CLANG_WARN_INT_CONVERSION = YES;
				CLANG_WARN_NON_LITERAL_NULL_CONVERSION = YES;
				CLANG_WARN_OBJC_IMPLICIT_RETAIN_SELF = YES;
				CLANG_WARN_OBJC_LITERAL_CONVERSION = YES;
				CLANG_WARN_OBJC_ROOT_CLASS = YES_ERROR;
				CLANG_WARN_QUOTED_INCLUDE_IN_FRAMEWORK_HEADER = YES;
				CLANG_WARN_RANGE_LOOP_ANALYSIS = YES;
				CLANG_WARN_STRICT_PROTOTYPES = YES;
				CLANG_WARN_SUSPICIOUS_MOVE = YES;
				CLANG_WARN_UNGUARDED_AVAILABILITY = YES_AGGRESSIVE;
				CLANG_WARN_UNREACHABLE_CODE = YES;
				CLANG_WARN__DUPLICATE_METHOD_MATCH = YES;
				COPY_PHASE_STRIP = NO;
				DEBUG_INFORMATION_FORMAT = "dwarf-with-dsym";
				ENABLE_NS_ASSERTIONS = NO;
				ENABLE_STRICT_OBJC_MSGSEND = YES;
				GCC_C_LANGUAGE_STANDARD = gnu11;
				GCC_NO_COMMON_BLOCKS = YES;
				GCC_WARN_64_TO_32_BIT_CONVERSION = YES;
				GCC_WARN_ABOUT_RETURN_TYPE = YES_ERROR;
				GCC_WARN_UNDECLARED_SELECTOR = YES;
				GCC_WARN_UNINITIALIZED_AUTOS = YES_AGGRESSIVE;
				GCC_WARN_UNUSED_FUNCTION = YES;
				GCC_WARN_UNUSED_VARIABLE = YES;
				IPHONEOS_DEPLOYMENT_TARGET = 16.4;
				MTL_ENABLE_DEBUG_INFO = NO;
				MTL_FAST_MATH = YES;
				SDKROOT = iphoneos;
				SWIFT_COMPILATION_MODE = wholemodule;
				SWIFT_OPTIMIZATION_LEVEL = "-O";
				VALIDATE_PRODUCT = YES;
			};
			name = Release;
		};
		5C0901D62A3991ED00DC7FEC /* Debug */ = {
			isa = XCBuildConfiguration;
			buildSettings = {
				ASSETCATALOG_COMPILER_APPICON_NAME = AppIcon;
				ASSETCATALOG_COMPILER_GLOBAL_ACCENT_COLOR_NAME = AccentColor;
				CODE_SIGN_STYLE = Automatic;
				CURRENT_PROJECT_VERSION = 1;
				DEVELOPMENT_ASSET_PATHS = "\"ShopDev/Preview Content\"";
				ENABLE_PREVIEWS = YES;
				GENERATE_INFOPLIST_FILE = YES;
				INFOPLIST_KEY_UIApplicationSceneManifest_Generation = YES;
				INFOPLIST_KEY_UIApplicationSupportsIndirectInputEvents = YES;
				INFOPLIST_KEY_UILaunchScreen_Generation = YES;
				INFOPLIST_KEY_UISupportedInterfaceOrientations = "UIInterfaceOrientationLandscapeLeft UIInterfaceOrientationLandscapeRight";
				LD_RUNPATH_SEARCH_PATHS = (
					"$(inherited)",
					"@executable_path/Frameworks",
				);
				MARKETING_VERSION = 1.0;
				PRODUCT_BUNDLE_IDENTIFIER = me.ansari.sameed.ShopDev;
				PRODUCT_NAME = "$(TARGET_NAME)";
				SUPPORTED_PLATFORMS = "iphoneos iphonesimulator";
				SUPPORTS_MACCATALYST = NO;
				SUPPORTS_MAC_DESIGNED_FOR_IPHONE_IPAD = NO;
				SWIFT_EMIT_LOC_STRINGS = YES;
				SWIFT_VERSION = 5.0;
				TARGETED_DEVICE_FAMILY = 2;
			};
			name = Debug;
		};
		5C0901D72A3991ED00DC7FEC /* Release */ = {
			isa = XCBuildConfiguration;
			buildSettings = {
				ASSETCATALOG_COMPILER_APPICON_NAME = AppIcon;
				ASSETCATALOG_COMPILER_GLOBAL_ACCENT_COLOR_NAME = AccentColor;
				CODE_SIGN_STYLE = Automatic;
				CURRENT_PROJECT_VERSION = 1;
				DEVELOPMENT_ASSET_PATHS = "\"ShopDev/Preview Content\"";
				ENABLE_PREVIEWS = YES;
				GENERATE_INFOPLIST_FILE = YES;
				INFOPLIST_KEY_UIApplicationSceneManifest_Generation = YES;
				INFOPLIST_KEY_UIApplicationSupportsIndirectInputEvents = YES;
				INFOPLIST_KEY_UILaunchScreen_Generation = YES;
				INFOPLIST_KEY_UISupportedInterfaceOrientations = "UIInterfaceOrientationLandscapeLeft UIInterfaceOrientationLandscapeRight";
				LD_RUNPATH_SEARCH_PATHS = (
					"$(inherited)",
					"@executable_path/Frameworks",
				);
				MARKETING_VERSION = 1.0;
				PRODUCT_BUNDLE_IDENTIFIER = me.ansari.sameed.ShopDev;
				PRODUCT_NAME = "$(TARGET_NAME)";
				SUPPORTED_PLATFORMS = "iphoneos iphonesimulator";
				SUPPORTS_MACCATALYST = NO;
				SUPPORTS_MAC_DESIGNED_FOR_IPHONE_IPAD = NO;
				SWIFT_EMIT_LOC_STRINGS = YES;
				SWIFT_VERSION = 5.0;
				TARGETED_DEVICE_FAMILY = 2;
			};
			name = Release;
		};
/* End XCBuildConfiguration section */

/* Begin XCConfigurationList section */
		5C0901C22A3991EB00DC7FEC /* Build configuration list for PBXProject "ShopDev" */ = {
			isa = XCConfigurationList;
			buildConfigurations = (
				5C0901D32A3991ED00DC7FEC /* Debug */,
				5C0901D42A3991ED00DC7FEC /* Release */,
			);
			defaultConfigurationIsVisible = 0;
			defaultConfigurationName = Release;
		};
		5C0901D52A3991ED00DC7FEC /* Build configuration list for PBXNativeTarget "ShopDev" */ = {
			isa = XCConfigurationList;
			buildConfigurations = (
				5C0901D62A3991ED00DC7FEC /* Debug */,
				5C0901D72A3991ED00DC7FEC /* Release */,
			);
			defaultConfigurationIsVisible = 0;
			defaultConfigurationName = Release;
		};
/* End XCConfigurationList section */

/* Begin XCRemoteSwiftPackageReference section */
		5C7129D72A40EF2900A95233 /* XCRemoteSwiftPackageReference "lottie-ios" */ = {
			isa = XCRemoteSwiftPackageReference;
			repositoryURL = "https://github.com/airbnb/lottie-ios";
			requirement = {
				kind = upToNextMajorVersion;
				minimumVersion = 4.0.0;
			};
		};
/* End XCRemoteSwiftPackageReference section */

/* Begin XCSwiftPackageProductDependency section */
		5C7129D82A40EF2900A95233 /* Lottie */ = {
			isa = XCSwiftPackageProductDependency;
			package = 5C7129D72A40EF2900A95233 /* XCRemoteSwiftPackageReference "lottie-ios" */;
			productName = Lottie;
		};
/* End XCSwiftPackageProductDependency section */
	};
	rootObject = 5C0901BF2A3991EB00DC7FEC /* Project object */;
}
